
Microsoft Visual Studio Solution File, Format Version 12.00
Project("{FAE04EC0-301F-11D3-BF4B-00C04F79EFBC}") = "Learn", "Learn.csproj", "{0C54323F-BC3B-48E9-B24E-61A7042F47BC}"
EndProject
Global
	GlobalSection(SolutionConfigurationPlatforms) = preSolution
		Debug|Any CPU = Debug|Any CPU
		Release|Any CPU = Release|Any CPU
	EndGlobalSection
	GlobalSection(ProjectConfigurationPlatforms) = postSolution
		{0C54323F-BC3B-48E9-B24E-61A7042F47BC}.Debug|Any CPU.ActiveCfg = Debug|Any CPU
		{0C54323F-BC3B-48E9-B24E-61A7042F47BC}.Debug|Any CPU.Build.0 = Debug|Any CPU
		{0C54323F-BC3B-48E9-B24E-61A7042F47BC}.Release|Any CPU.ActiveCfg = Release|Any CPU
		{0C54323F-BC3B-48E9-B24E-61A7042F47BC}.Release|Any CPU.Build.0 = Release|Any CPU
	EndGlobalSection
EndGlobal
